
Microsoft Visual Studio Solution File, Format Version 12.00
# Visual Studio 15
VisualStudioVersion = 15.0.28010.2026
MinimumVisualStudioVersion = 10.0.40219.1
Project("{FAE04EC0-301F-11D3-BF4B-00C04F79EFBC}") = "Lesson-1", "Lesson-1\Lesson-1.csproj", "{14B6C31D-CE8E-47FC-A4C9-C42480A85F89}"
EndProject
Project("{FAE04EC0-301F-11D3-BF4B-00C04F79EFBC}") = "Lesson1_3", "Lesson1_3\Lesson1_3.csproj", "{C4FD333D-7DCF-468D-ADB7-C6CFDB97D50E}"
EndProject
Project("{FAE04EC0-301F-11D3-BF4B-00C04F79EFBC}") = "Lesson1_4", "Lesson1_4\Lesson1_4.csproj", "{7310DF0F-C120-452A-A1A8-F6702E6B9DDE}"
EndProject
Project("{FAE04EC0-301F-11D3-BF4B-00C04F79EFBC}") = "Lesson1_5", "Lesson1_5\Lesson1_5.csproj", "{C83127D1-D942-4DD9-B95B-7E10A350BDDA}"
EndProject
Project("{FAE04EC0-301F-11D3-BF4B-00C04F79EFBC}") = "StudyLibrary", "StudyLibrary\StudyLibrary.csproj", "{4219D393-587C-47B4-96E7-D8858696AE65}"
EndProject
Global
	GlobalSection(SolutionConfigurationPlatforms) = preSolution
		Debug|Any CPU = Debug|Any CPU
		Release|Any CPU = Release|Any CPU
	EndGlobalSection
	GlobalSection(ProjectConfigurationPlatforms) = postSolution
		{14B6C31D-CE8E-47FC-A4C9-C42480A85F89}.Debug|Any CPU.ActiveCfg = Debug|Any CPU
		{14B6C31D-CE8E-47FC-A4C9-C42480A85F89}.Debug|Any CPU.Build.0 = Debug|Any CPU
		{14B6C31D-CE8E-47FC-A4C9-C42480A85F89}.Release|Any CPU.ActiveCfg = Release|Any CPU
		{14B6C31D-CE8E-47FC-A4C9-C42480A85F89}.Release|Any CPU.Build.0 = Release|Any CPU
		{C4FD333D-7DCF-468D-ADB7-C6CFDB97D50E}.Debug|Any CPU.ActiveCfg = Debug|Any CPU
		{C4FD333D-7DCF-468D-ADB7-C6CFDB97D50E}.Debug|Any CPU.Build.0 = Debug|Any CPU
		{C4FD333D-7DCF-468D-ADB7-C6CFDB97D50E}.Release|Any CPU.ActiveCfg = Release|Any CPU
		{C4FD333D-7DCF-468D-ADB7-C6CFDB97D50E}.Release|Any CPU.Build.0 = Release|Any CPU
		{7310DF0F-C120-452A-A1A8-F6702E6B9DDE}.Debug|Any CPU.ActiveCfg = Debug|Any CPU
		{7310DF0F-C120-452A-A1A8-F6702E6B9DDE}.Debug|Any CPU.Build.0 = Debug|Any CPU
		{7310DF0F-C120-452A-A1A8-F6702E6B9DDE}.Release|Any CPU.ActiveCfg = Release|Any CPU
		{7310DF0F-C120-452A-A1A8-F6702E6B9DDE}.Release|Any CPU.Build.0 = Release|Any CPU
		{C83127D1-D942-4DD9-B95B-7E10A350BDDA}.Debug|Any CPU.ActiveCfg = Debug|Any CPU
		{C83127D1-D942-4DD9-B95B-7E10A350BDDA}.Debug|Any CPU.Build.0 = Debug|Any CPU
		{C83127D1-D942-4DD9-B95B-7E10A350BDDA}.Release|Any CPU.ActiveCfg = Release|Any CPU
		{C83127D1-D942-4DD9-B95B-7E10A350BDDA}.Release|Any CPU.Build.0 = Release|Any CPU
		{4219D393-587C-47B4-96E7-D8858696AE65}.Debug|Any CPU.ActiveCfg = Debug|Any CPU
		{4219D393-587C-47B4-96E7-D8858696AE65}.Debug|Any CPU.Build.0 = Debug|Any CPU
		{4219D393-587C-47B4-96E7-D8858696AE65}.Release|Any CPU.ActiveCfg = Release|Any CPU
		{4219D393-587C-47B4-96E7-D8858696AE65}.Release|Any CPU.Build.0 = Release|Any CPU
	EndGlobalSection
	GlobalSection(SolutionProperties) = preSolution
		HideSolutionNode = FALSE
	EndGlobalSection
	GlobalSection(ExtensibilityGlobals) = postSolution
		SolutionGuid = {4973ED40-F38A-440A-98DD-D5AE812657D4}
	EndGlobalSection
EndGlobal
