
Microsoft Visual Studio Solution File, Format Version 12.00
# Visual Studio 15
VisualStudioVersion = 15.0.28010.2026
MinimumVisualStudioVersion = 10.0.40219.1
Project("{FAE04EC0-301F-11D3-BF4B-00C04F79EFBC}") = "Lesson-7", "Lesson-7\Lesson-7.csproj", "{8C4F3E54-9092-48F4-AD93-9F06D4100393}"
EndProject
Project("{FAE04EC0-301F-11D3-BF4B-00C04F79EFBC}") = "Lesson-7.2", "Lesson-7.2\Lesson-7.2.csproj", "{C725D8ED-2C4A-4AC0-A7DD-DE0BEF326323}"
EndProject
Global
	GlobalSection(SolutionConfigurationPlatforms) = preSolution
		Debug|Any CPU = Debug|Any CPU
		Release|Any CPU = Release|Any CPU
	EndGlobalSection
	GlobalSection(ProjectConfigurationPlatforms) = postSolution
		{8C4F3E54-9092-48F4-AD93-9F06D4100393}.Debug|Any CPU.ActiveCfg = Debug|Any CPU
		{8C4F3E54-9092-48F4-AD93-9F06D4100393}.Debug|Any CPU.Build.0 = Debug|Any CPU
		{8C4F3E54-9092-48F4-AD93-9F06D4100393}.Release|Any CPU.ActiveCfg = Release|Any CPU
		{8C4F3E54-9092-48F4-AD93-9F06D4100393}.Release|Any CPU.Build.0 = Release|Any CPU
		{C725D8ED-2C4A-4AC0-A7DD-DE0BEF326323}.Debug|Any CPU.ActiveCfg = Debug|Any CPU
		{C725D8ED-2C4A-4AC0-A7DD-DE0BEF326323}.Debug|Any CPU.Build.0 = Debug|Any CPU
		{C725D8ED-2C4A-4AC0-A7DD-DE0BEF326323}.Release|Any CPU.ActiveCfg = Release|Any CPU
		{C725D8ED-2C4A-4AC0-A7DD-DE0BEF326323}.Release|Any CPU.Build.0 = Release|Any CPU
	EndGlobalSection
	GlobalSection(SolutionProperties) = preSolution
		HideSolutionNode = FALSE
	EndGlobalSection
	GlobalSection(ExtensibilityGlobals) = postSolution
		SolutionGuid = {2B40BCED-DEAF-4932-8C40-B11BFE93D786}
	EndGlobalSection
EndGlobal
